{
  "version": 4,
  "terraform_version": "1.12.2",
  "serial": 156,
  "lineage": "018b145f-13b9-dd1e-c64d-43b9e1b74da3",
  "outputs": {
    "emr_cluster_id": {
      "value": "j-2662JQ6J5LM8W",
      "type": "string"
    }
  },
  "resources": [
    {
      "mode": "managed",
      "type": "aws_emr_cluster",
      "name": "otel_emr",
      "provider": "provider[\"registry.terraform.io/hashicorp/aws\"]",
      "instances": [
        {
          "schema_version": 0,
          "attributes": {
            "additional_info": null,
            "applications": [
              "Spark"
            ],
            "arn": "arn:aws:elasticmapreduce:us-east-1:496067516464:cluster/j-2662JQ6J5LM8W",
            "auto_termination_policy": [],
            "autoscaling_role": "",
            "bootstrap_action": [
              {
                "args": null,
                "name": "Install and Start OTEL Collector",
                "path": "s3://otel-emr-bucket-example-sh/emr-bootstrap.sh"
              }
            ],
            "cluster_state": "WAITING",
            "configurations": null,
            "configurations_json": "[]",
            "core_instance_fleet": null,
            "core_instance_group": [
              {
                "autoscaling_policy": "",
                "bid_price": "",
                "ebs_config": [
                  {
                    "iops": 0,
                    "size": 32,
                    "throughput": 0,
                    "type": "gp2",
                    "volumes_per_instance": 2
                  }
                ],
                "id": "ig-YIOS6LAYP8D6",
                "instance_count": 2,
                "instance_type": "m5.xlarge",
                "name": ""
              }
            ],
            "custom_ami_id": "",
            "ebs_root_volume_size": 0,
            "ec2_attributes": [
              {
                "additional_master_security_groups": "",
                "additional_slave_security_groups": "",
                "emr_managed_master_security_group": "sg-038e1bec8fb912762",
                "emr_managed_slave_security_group": "sg-025b9972912788b94",
                "instance_profile": "EMR_EC2_Profile_OTEL",
                "key_name": "shailesh-otel-keypair",
                "service_access_security_group": "",
                "subnet_id": "subnet-61319c05",
                "subnet_ids": [
                  "subnet-61319c05"
                ]
              }
            ],
            "id": "j-2662JQ6J5LM8W",
            "keep_job_flow_alive_when_no_steps": true,
            "kerberos_attributes": [],
            "list_steps_states": null,
            "log_encryption_kms_key_id": "",
            "log_uri": "",
            "master_instance_fleet": null,
            "master_instance_group": [
              {
                "bid_price": "",
                "ebs_config": [
                  {
                    "iops": 0,
                    "size": 32,
                    "throughput": 0,
                    "type": "gp2",
                    "volumes_per_instance": 2
                  }
                ],
                "id": "ig-2MTR4IT5XLYMG",
                "instance_count": 1,
                "instance_type": "m5.xlarge",
                "name": ""
              }
            ],
            "master_public_dns": "ec2-3-91-209-251.compute-1.amazonaws.com",
            "name": "otel-emr-cluster",
            "os_release_label": "2.0.20250623.0",
            "placement_group_config": null,
            "region": "us-east-1",
            "release_label": "emr-6.14.0",
            "scale_down_behavior": "TERMINATE_AT_TASK_COMPLETION",
            "security_configuration": "",
            "service_role": "EMR_DefaultRole",
            "step": [],
            "step_concurrency_level": 1,
            "tags": null,
            "tags_all": {},
            "termination_protection": false,
            "unhealthy_node_replacement": false,
            "visible_to_all_users": true
          },
          "sensitive_attributes": [],
          "identity_schema_version": 0,
          "private": "bnVsbA==",
          "dependencies": [
            "aws_iam_instance_profile.emr_profile",
            "aws_iam_role.emr_role"
          ]
        }
      ]
    },
    {
      "mode": "managed",
      "type": "aws_iam_instance_profile",
      "name": "emr_profile",
      "provider": "provider[\"registry.terraform.io/hashicorp/aws\"]",
      "instances": [
        {
          "schema_version": 0,
          "attributes": {
            "arn": "arn:aws:iam::496067516464:instance-profile/EMR_EC2_Profile_OTEL",
            "create_date": "2025-07-24T14:00:06Z",
            "id": "EMR_EC2_Profile_OTEL",
            "name": "EMR_EC2_Profile_OTEL",
            "name_prefix": "",
            "path": "/",
            "role": "EMR_EC2_DefaultRole_OTEL",
            "tags": null,
            "tags_all": {},
            "unique_id": "AIPAXG77NTAYC3WB75QNL"
          },
          "sensitive_attributes": [],
          "identity_schema_version": 0,
          "private": "bnVsbA==",
          "dependencies": [
            "aws_iam_role.emr_role"
          ]
        }
      ]
    },
    {
      "mode": "managed",
      "type": "aws_iam_role",
      "name": "emr_role",
      "provider": "provider[\"registry.terraform.io/hashicorp/aws\"]",
      "instances": [
        {
          "schema_version": 0,
          "attributes": {
            "arn": "arn:aws:iam::496067516464:role/EMR_EC2_DefaultRole_OTEL",
            "assume_role_policy": "{\"Statement\":[{\"Action\":\"sts:AssumeRole\",\"Effect\":\"Allow\",\"Principal\":{\"Service\":\"ec2.amazonaws.com\"}}],\"Version\":\"2012-10-17\"}",
            "create_date": "2025-07-24T14:00:01Z",
            "description": "",
            "force_detach_policies": false,
            "id": "EMR_EC2_DefaultRole_OTEL",
            "inline_policy": [],
            "managed_policy_arns": [],
            "max_session_duration": 3600,
            "name": "EMR_EC2_DefaultRole_OTEL",
            "name_prefix": "",
            "path": "/",
            "permissions_boundary": "",
            "tags": null,
            "tags_all": {},
            "unique_id": "AROAXG77NTAYFEARL5C3D"
          },
          "sensitive_attributes": [],
          "identity_schema_version": 0,
          "identity": {
            "account_id": "496067516464",
            "name": "EMR_EC2_DefaultRole_OTEL"
          },
          "private": "bnVsbA=="
        }
      ]
    },
    {
      "mode": "managed",
      "type": "aws_iam_role_policy_attachment",
      "name": "emr_xray_policy",
      "provider": "provider[\"registry.terraform.io/hashicorp/aws\"]",
      "instances": [
        {
          "schema_version": 0,
          "attributes": {
            "id": "EMR_EC2_DefaultRole_OTEL/arn:aws:iam::aws:policy/AWSXRayDaemonWriteAccess",
            "policy_arn": "arn:aws:iam::aws:policy/AWSXRayDaemonWriteAccess",
            "role": "EMR_EC2_DefaultRole_OTEL"
          },
          "sensitive_attributes": [],
          "identity_schema_version": 0,
          "identity": {
            "account_id": "496067516464",
            "policy_arn": "arn:aws:iam::aws:policy/AWSXRayDaemonWriteAccess",
            "role": "EMR_EC2_DefaultRole_OTEL"
          },
          "private": "bnVsbA==",
          "dependencies": [
            "aws_iam_role.emr_role"
          ]
        }
      ]
    },
    {
      "mode": "managed",
      "type": "aws_iam_role_policy_attachment",
      "name": "readonly_s3_attach",
      "provider": "provider[\"registry.terraform.io/hashicorp/aws\"]",
      "instances": [
        {
          "schema_version": 0,
          "attributes": {
            "id": "EMR_EC2_DefaultRole_OTEL/arn:aws:iam::aws:policy/AmazonS3ReadOnlyAccess",
            "policy_arn": "arn:aws:iam::aws:policy/AmazonS3ReadOnlyAccess",
            "role": "EMR_EC2_DefaultRole_OTEL"
          },
          "sensitive_attributes": [],
          "identity_schema_version": 0,
          "identity": {
            "account_id": "496067516464",
            "policy_arn": "arn:aws:iam::aws:policy/AmazonS3ReadOnlyAccess",
            "role": "EMR_EC2_DefaultRole_OTEL"
          },
          "private": "bnVsbA==",
          "dependencies": [
            "aws_iam_role.emr_role"
          ]
        }
      ]
    }
  ],
  "check_results": null
}
